
Microsoft Visual Studio Solution File, Format Version 12.00
# Visual Studio 14
VisualStudioVersion = 14.0.25420.1
MinimumVisualStudioVersion = 10.0.40219.1
Project("{FAE04EC0-301F-11D3-BF4B-00C04F79EFBC}") = "TurtleZilla", "TurtleZilla\TurtleZilla.csproj", "{49864ACB-207D-4ED6-9181-16C130610500}"
EndProject
Project("{54435603-DBB4-11D2-8724-00A0C9A8B90C}") = "Setup", "Setup\Setup.vdproj", "{2342085D-1377-4DD2-8390-D1826B75E261}"
EndProject
Project("{FAE04EC0-301F-11D3-BF4B-00C04F79EFBC}") = "TurtleZilla.Test", "TurtleZilla.Test\TurtleZilla.Test.csproj", "{5DB79B59-5528-49F3-89DC-87416A2755C3}"
EndProject
Global
	GlobalSection(SolutionConfigurationPlatforms) = preSolution
		Debug|Any CPU = Debug|Any CPU
		Release|Any CPU = Release|Any CPU
	EndGlobalSection
	GlobalSection(ProjectConfigurationPlatforms) = postSolution
		{49864ACB-207D-4ED6-9181-16C130610500}.Debug|Any CPU.ActiveCfg = Debug|Any CPU
		{49864ACB-207D-4ED6-9181-16C130610500}.Debug|Any CPU.Build.0 = Debug|Any CPU
		{49864ACB-207D-4ED6-9181-16C130610500}.Release|Any CPU.ActiveCfg = Release|Any CPU
		{49864ACB-207D-4ED6-9181-16C130610500}.Release|Any CPU.Build.0 = Release|Any CPU
		{2342085D-1377-4DD2-8390-D1826B75E261}.Debug|Any CPU.ActiveCfg = Debug
		{2342085D-1377-4DD2-8390-D1826B75E261}.Release|Any CPU.ActiveCfg = Release
		{5DB79B59-5528-49F3-89DC-87416A2755C3}.Debug|Any CPU.ActiveCfg = Debug|Any CPU
		{5DB79B59-5528-49F3-89DC-87416A2755C3}.Debug|Any CPU.Build.0 = Debug|Any CPU
		{5DB79B59-5528-49F3-89DC-87416A2755C3}.Release|Any CPU.ActiveCfg = Release|Any CPU
		{5DB79B59-5528-49F3-89DC-87416A2755C3}.Release|Any CPU.Build.0 = Release|Any CPU
	EndGlobalSection
	GlobalSection(SolutionProperties) = preSolution
		HideSolutionNode = FALSE
	EndGlobalSection
EndGlobal
